Microsoft Visual Studio Solution File, Format Version 12.00
# Visual Studio Version 17
VisualStudioVersion = 17.5.2.0
MinimumVisualStudioVersion = 10.0.40219.1
Project("{FAE04EC0-301F-11D3-BF4B-00C04F79EFBC}") = "Dziennik szkolny", "Dziennik szkolny\Dziennik szkolny.csproj", "{A45B46CB-8B86-5541-AFB1-F10E8D8EE5C2}"
EndProject
Global
	GlobalSection(SolutionConfigurationPlatforms) = preSolution
		Debug|Any CPU = Debug|Any CPU
		Release|Any CPU = Release|Any CPU
	EndGlobalSection
	GlobalSection(ProjectConfigurationPlatforms) = postSolution
		{A45B46CB-8B86-5541-AFB1-F10E8D8EE5C2}.Debug|Any CPU.ActiveCfg = Debug|Any CPU
		{A45B46CB-8B86-5541-AFB1-F10E8D8EE5C2}.Debug|Any CPU.Build.0 = Debug|Any CPU
		{A45B46CB-8B86-5541-AFB1-F10E8D8EE5C2}.Release|Any CPU.ActiveCfg = Release|Any CPU
		{A45B46CB-8B86-5541-AFB1-F10E8D8EE5C2}.Release|Any CPU.Build.0 = Release|Any CPU
	EndGlobalSection
	GlobalSection(SolutionProperties) = preSolution
		HideSolutionNode = FALSE
	EndGlobalSection
	GlobalSection(ExtensibilityGlobals) = postSolution
		SolutionGuid = {264D8971-EE8B-4D18-8F59-EEF8516BCCBE}
	EndGlobalSection
EndGlobal
